
Microsoft Visual Studio Solution File, Format Version 12.00
# Visual Studio 14
VisualStudioVersion = 14.0.25420.1
MinimumVisualStudioVersion = 10.0.40219.1
Project("{FAE04EC0-301F-11D3-BF4B-00C04F79EFBC}") = "TGate.API", "TGate.API\TGate.API.csproj", "{635469A6-FADF-4307-9F77-64CC5C6632BC}"
EndProject
Project("{FAE04EC0-301F-11D3-BF4B-00C04F79EFBC}") = "TGate.API.Tests", "TGate.API.Tests\TGate.API.Tests.csproj", "{B146E91F-955D-421E-97A2-D7263384F5AA}"
EndProject
Project("{FAE04EC0-301F-11D3-BF4B-00C04F79EFBC}") = "TGate.Repository", "TGate.Repository\TGate.Repository.csproj", "{29B677ED-C5DB-42E0-ACDD-141694427290}"
EndProject
Global
	GlobalSection(SolutionConfigurationPlatforms) = preSolution
		Debug|Any CPU = Debug|Any CPU
		Release|Any CPU = Release|Any CPU
	EndGlobalSection
	GlobalSection(ProjectConfigurationPlatforms) = postSolution
		{635469A6-FADF-4307-9F77-64CC5C6632BC}.Debug|Any CPU.ActiveCfg = Debug|Any CPU
		{635469A6-FADF-4307-9F77-64CC5C6632BC}.Debug|Any CPU.Build.0 = Debug|Any CPU
		{635469A6-FADF-4307-9F77-64CC5C6632BC}.Release|Any CPU.ActiveCfg = Release|Any CPU
		{635469A6-FADF-4307-9F77-64CC5C6632BC}.Release|Any CPU.Build.0 = Release|Any CPU
		{B146E91F-955D-421E-97A2-D7263384F5AA}.Debug|Any CPU.ActiveCfg = Debug|Any CPU
		{B146E91F-955D-421E-97A2-D7263384F5AA}.Debug|Any CPU.Build.0 = Debug|Any CPU
		{B146E91F-955D-421E-97A2-D7263384F5AA}.Release|Any CPU.ActiveCfg = Release|Any CPU
		{B146E91F-955D-421E-97A2-D7263384F5AA}.Release|Any CPU.Build.0 = Release|Any CPU
		{29B677ED-C5DB-42E0-ACDD-141694427290}.Debug|Any CPU.ActiveCfg = Debug|Any CPU
		{29B677ED-C5DB-42E0-ACDD-141694427290}.Debug|Any CPU.Build.0 = Debug|Any CPU
		{29B677ED-C5DB-42E0-ACDD-141694427290}.Release|Any CPU.ActiveCfg = Release|Any CPU
		{29B677ED-C5DB-42E0-ACDD-141694427290}.Release|Any CPU.Build.0 = Release|Any CPU
	EndGlobalSection
	GlobalSection(SolutionProperties) = preSolution
		HideSolutionNode = FALSE
	EndGlobalSection
EndGlobal
